// !$*UTF8*$!
{
	archiveVersion = 1;
	classes = {
	};
	objectVersion = 55;
	objects = {

/* Begin PBXBuildFile section */
		3005E6846AC7C4366C20F143 /* Pods_DeftPDF_Test.framework in Frameworks */ = {isa = PBXBuildFile; fileRef = BAC07A630CF974DFB83C19E2 /* Pods_DeftPDF_Test.framework */; };
		CA1E636828798D9700B742F5 /* PDFViewController .swift in Sources */ = {isa = PBXBuildFile; fileRef = CA1E636728798D9700B742F5 /* PDFViewController .swift */; };
		CA1E636A28799EF700B742F5 /* PDFFileModel.swift in Sources */ = {isa = PBXBuildFile; fileRef = CA1E636928799EF600B742F5 /* PDFFileModel.swift */; };
		CA346B4A287C78ED007A6C6B /* popUpView.swift in Sources */ = {isa = PBXBuildFile; fileRef = CA346B49287C78ED007A6C6B /* popUpView.swift */; };
		CAE3F4AA287724290015D6E9 /* AccountViewController.swift in Sources */ = {isa = PBXBuildFile; fileRef = CAE3F4A9287724290015D6E9 /* AccountViewController.swift */; };
		CAE3F4AE287724530015D6E9 /* ToolsViewController.swift in Sources */ = {isa = PBXBuildFile; fileRef = CAE3F4AD287724530015D6E9 /* ToolsViewController.swift */; };
		CAF6552628744B9900E53AB3 /* AppDelegate.swift in Sources */ = {isa = PBXBuildFile; fileRef = CAF6552528744B9900E53AB3 /* AppDelegate.swift */; };
		CAF6552A28744B9900E53AB3 /* HomeViewController.swift in Sources */ = {isa = PBXBuildFile; fileRef = CAF6552928744B9900E53AB3 /* HomeViewController.swift */; };
		CAF6552F28744B9C00E53AB3 /* Assets.xcassets in Resources */ = {isa = PBXBuildFile; fileRef = CAF6552E28744B9C00E53AB3 /* Assets.xcassets */; };
		CAF6553228744B9C00E53AB3 /* LaunchScreen.storyboard in Resources */ = {isa = PBXBuildFile; fileRef = CAF6553028744B9C00E53AB3 /* LaunchScreen.storyboard */; };
		CAF6553A28748A9600E53AB3 /* CustomCollectionViewCell.swift in Sources */ = {isa = PBXBuildFile; fileRef = CAF6553928748A9600E53AB3 /* CustomCollectionViewCell.swift */; };
		CAF6553C2874AD0F00E53AB3 /* TabBarViewController .swift in Sources */ = {isa = PBXBuildFile; fileRef = CAF6553B2874AD0F00E53AB3 /* TabBarViewController .swift */; };
		FAB53F1628787BFD00985A89 /* FileManager+copyItem().swift in Sources */ = {isa = PBXBuildFile; fileRef = FAB53F1528787BFD00985A89 /* FileManager+copyItem().swift */; };
/* End PBXBuildFile section */

/* Begin PBXFileReference section */
		042E5290EF083DFE8A845ED1 /* Pods-DeftPDF_Test.debug.xcconfig */ = {isa = PBXFileReference; includeInIndex = 1; lastKnownFileType = text.xcconfig; name = "Pods-DeftPDF_Test.debug.xcconfig"; path = "Target Support Files/Pods-DeftPDF_Test/Pods-DeftPDF_Test.debug.xcconfig"; sourceTree = "<group>"; };
		5874FF739C188424DF616928 /* Pods-DeftPDF_Test.release.xcconfig */ = {isa = PBXFileReference; includeInIndex = 1; lastKnownFileType = text.xcconfig; name = "Pods-DeftPDF_Test.release.xcconfig"; path = "Target Support Files/Pods-DeftPDF_Test/Pods-DeftPDF_Test.release.xcconfig"; sourceTree = "<group>"; };
		BAC07A630CF974DFB83C19E2 /* Pods_DeftPDF_Test.framework */ = {isa = PBXFileReference; explicitFileType = wrapper.framework; includeInIndex = 0; path = Pods_DeftPDF_Test.framework; sourceTree = BUILT_PRODUCTS_DIR; };
		CA1E636728798D9700B742F5 /* PDFViewController .swift */ = {isa = PBXFileReference; lastKnownFileType = sourcecode.swift; path = "PDFViewController .swift"; sourceTree = "<group>"; };
		CA1E636928799EF600B742F5 /* PDFFileModel.swift */ = {isa = PBXFileReference; lastKnownFileType = sourcecode.swift; path = PDFFileModel.swift; sourceTree = "<group>"; };
		CA346B49287C78ED007A6C6B /* popUpView.swift */ = {isa = PBXFileReference; lastKnownFileType = sourcecode.swift; path = popUpView.swift; sourceTree = "<group>"; };
		CAE3F4A9287724290015D6E9 /* AccountViewController.swift */ = {isa = PBXFileReference; lastKnownFileType = sourcecode.swift; path = AccountViewController.swift; sourceTree = "<group>"; };
		CAE3F4AD287724530015D6E9 /* ToolsViewController.swift */ = {isa = PBXFileReference; lastKnownFileType = sourcecode.swift; path = ToolsViewController.swift; sourceTree = "<group>"; };
		CAF6552228744B9900E53AB3 /* DeftPDF_Test.app */ = {isa = PBXFileReference; explicitFileType = wrapper.application; includeInIndex = 0; path = DeftPDF_Test.app; sourceTree = BUILT_PRODUCTS_DIR; };
		CAF6552528744B9900E53AB3 /* AppDelegate.swift */ = {isa = PBXFileReference; lastKnownFileType = sourcecode.swift; path = AppDelegate.swift; sourceTree = "<group>"; };
		CAF6552928744B9900E53AB3 /* HomeViewController.swift */ = {isa = PBXFileReference; lastKnownFileType = sourcecode.swift; path = HomeViewController.swift; sourceTree = "<group>"; };
		CAF6552E28744B9C00E53AB3 /* Assets.xcassets */ = {isa = PBXFileReference; lastKnownFileType = folder.assetcatalog; path = Assets.xcassets; sourceTree = "<group>"; };
		CAF6553128744B9C00E53AB3 /* Base */ = {isa = PBXFileReference; lastKnownFileType = file.storyboard; name = Base; path = Base.lproj/LaunchScreen.storyboard; sourceTree = "<group>"; };
		CAF6553328744B9C00E53AB3 /* Info.plist */ = {isa = PBXFileReference; lastKnownFileType = text.plist.xml; path = Info.plist; sourceTree = "<group>"; };
		CAF6553928748A9600E53AB3 /* CustomCollectionViewCell.swift */ = {isa = PBXFileReference; lastKnownFileType = sourcecode.swift; path = CustomCollectionViewCell.swift; sourceTree = "<group>"; };
		CAF6553B2874AD0F00E53AB3 /* TabBarViewController .swift */ = {isa = PBXFileReference; lastKnownFileType = sourcecode.swift; path = "TabBarViewController .swift"; sourceTree = "<group>"; };
		FAB53F1528787BFD00985A89 /* FileManager+copyItem().swift */ = {isa = PBXFileReference; lastKnownFileType = sourcecode.swift; path = "FileManager+copyItem().swift"; sourceTree = "<group>"; };
/* End PBXFileReference section */

/* Begin PBXFrameworksBuildPhase section */
		CAF6551F28744B9900E53AB3 /* Frameworks */ = {
			isa = PBXFrameworksBuildPhase;
			buildActionMask = 2147483647;
			files = (
				3005E6846AC7C4366C20F143 /* Pods_DeftPDF_Test.framework in Frameworks */,
			);
			runOnlyForDeploymentPostprocessing = 0;
		};
/* End PBXFrameworksBuildPhase section */

/* Begin PBXGroup section */
		3E29B3629B230F98E71D89B9 /* Pods */ = {
			isa = PBXGroup;
			children = (
				042E5290EF083DFE8A845ED1 /* Pods-DeftPDF_Test.debug.xcconfig */,
				5874FF739C188424DF616928 /* Pods-DeftPDF_Test.release.xcconfig */,
			);
			name = Pods;
			path = Pods;
			sourceTree = "<group>";
		};
		B8CC0E5C3CE73B35D6FD55D0 /* Frameworks */ = {
			isa = PBXGroup;
			children = (
				BAC07A630CF974DFB83C19E2 /* Pods_DeftPDF_Test.framework */,
			);
			name = Frameworks;
			sourceTree = "<group>";
		};
		CAE3F4A22875BD070015D6E9 /* TabBar */ = {
			isa = PBXGroup;
			children = (
				CAF6553B2874AD0F00E53AB3 /* TabBarViewController .swift */,
			);
			path = TabBar;
			sourceTree = "<group>";
		};
		CAE3F4A32875BD120015D6E9 /* Cell */ = {
			isa = PBXGroup;
			children = (
				CAF6553928748A9600E53AB3 /* CustomCollectionViewCell.swift */,
			);
			path = Cell;
			sourceTree = "<group>";
		};
		CAE3F4AB287724310015D6E9 /* Account */ = {
			isa = PBXGroup;
			children = (
				CAE3F4A9287724290015D6E9 /* AccountViewController.swift */,
			);
			path = Account;
			sourceTree = "<group>";
		};
		CAE3F4AC287724460015D6E9 /* Tools */ = {
			isa = PBXGroup;
			children = (
				CAE3F4AD287724530015D6E9 /* ToolsViewController.swift */,
			);
			path = Tools;
			sourceTree = "<group>";
		};
		CAE3F4AF287724B50015D6E9 /* Home */ = {
			isa = PBXGroup;
			children = (
				CAF6552928744B9900E53AB3 /* HomeViewController.swift */,
				CA346B49287C78ED007A6C6B /* popUpView.swift */,
				CA1E636728798D9700B742F5 /* PDFViewController .swift */,
				CA1E636928799EF600B742F5 /* PDFFileModel.swift */,
			);
			path = Home;
			sourceTree = "<group>";
		};
		CAF6551928744B9900E53AB3 = {
			isa = PBXGroup;
			children = (
				CAF6552428744B9900E53AB3 /* DeftPDF_Test */,
				CAF6552328744B9900E53AB3 /* Products */,
				3E29B3629B230F98E71D89B9 /* Pods */,
				B8CC0E5C3CE73B35D6FD55D0 /* Frameworks */,
			);
			sourceTree = "<group>";
		};
		CAF6552328744B9900E53AB3 /* Products */ = {
			isa = PBXGroup;
			children = (
				CAF6552228744B9900E53AB3 /* DeftPDF_Test.app */,
			);
			name = Products;
			sourceTree = "<group>";
		};
		CAF6552428744B9900E53AB3 /* DeftPDF_Test */ = {
			isa = PBXGroup;
			children = (
				CAF6552528744B9900E53AB3 /* AppDelegate.swift */,
				FAB53F1228787B5800985A89 /* UI */,
				FAB53F1428787BCB00985A89 /* Extension */,
				FAB53F1328787B9300985A89 /* Resources */,
			);
			path = DeftPDF_Test;
			sourceTree = "<group>";
		};
		FAB53F1228787B5800985A89 /* UI */ = {
			isa = PBXGroup;
			children = (
				CAE3F4A32875BD120015D6E9 /* Cell */,
				CAE3F4A22875BD070015D6E9 /* TabBar */,
				CAE3F4AF287724B50015D6E9 /* Home */,
				CAE3F4AB287724310015D6E9 /* Account */,
				CAE3F4AC287724460015D6E9 /* Tools */,
			);
			path = UI;
			sourceTree = "<group>";
		};
		FAB53F1328787B9300985A89 /* Resources */ = {
			isa = PBXGroup;
			children = (
				CAF6553328744B9C00E53AB3 /* Info.plist */,
				CAF6553028744B9C00E53AB3 /* LaunchScreen.storyboard */,
				CAF6552E28744B9C00E53AB3 /* Assets.xcassets */,
			);
			path = Resources;
			sourceTree = "<group>";
		};
		FAB53F1428787BCB00985A89 /* Extension */ = {
			isa = PBXGroup;
			children = (
				FAB53F1528787BFD00985A89 /* FileManager+copyItem().swift */,
			);
			path = Extension;
			sourceTree = "<group>";
		};
/* End PBXGroup section */

/* Begin PBXNativeTarget section */
		CAF6552128744B9900E53AB3 /* DeftPDF_Test */ = {
			isa = PBXNativeTarget;
			buildConfigurationList = CAF6553628744B9C00E53AB3 /* Build configuration list for PBXNativeTarget "DeftPDF_Test" */;
			buildPhases = (
				9116BDF52B5534A824614538 /* [CP] Check Pods Manifest.lock */,
				CAF6551E28744B9900E53AB3 /* Sources */,
				CAF6551F28744B9900E53AB3 /* Frameworks */,
				CAF6552028744B9900E53AB3 /* Resources */,
				4D156B75C51A41146252CFAC /* [CP] Embed Pods Frameworks */,
			);
			buildRules = (
			);
			dependencies = (
			);
			name = DeftPDF_Test;
			productName = DeftPDF_Test;
			productReference = CAF6552228744B9900E53AB3 /* DeftPDF_Test.app */;
			productType = "com.apple.product-type.application";
		};
/* End PBXNativeTarget section */

/* Begin PBXProject section */
		CAF6551A28744B9900E53AB3 /* Project object */ = {
			isa = PBXProject;
			attributes = {
				BuildIndependentTargetsInParallel = 1;
				LastSwiftUpdateCheck = 1340;
				LastUpgradeCheck = 1340;
				TargetAttributes = {
					CAF6552128744B9900E53AB3 = {
						CreatedOnToolsVersion = 13.4.1;
					};
				};
			};
			buildConfigurationList = CAF6551D28744B9900E53AB3 /* Build configuration list for PBXProject "DeftPDF_Test" */;
			compatibilityVersion = "Xcode 13.0";
			developmentRegion = en;
			hasScannedForEncodings = 0;
			knownRegions = (
				en,
				Base,
			);
			mainGroup = CAF6551928744B9900E53AB3;
			productRefGroup = CAF6552328744B9900E53AB3 /* Products */;
			projectDirPath = "";
			projectRoot = "";
			targets = (
				CAF6552128744B9900E53AB3 /* DeftPDF_Test */,
			);
		};
/* End PBXProject section */

/* Begin PBXResourcesBuildPhase section */
		CAF6552028744B9900E53AB3 /* Resources */ = {
			isa = PBXResourcesBuildPhase;
			buildActionMask = 2147483647;
			files = (
				CAF6553228744B9C00E53AB3 /* LaunchScreen.storyboard in Resources */,
				CAF6552F28744B9C00E53AB3 /* Assets.xcassets in Resources */,
			);
			runOnlyForDeploymentPostprocessing = 0;
		};
/* End PBXResourcesBuildPhase section */

/* Begin PBXShellScriptBuildPhase section */
		4D156B75C51A41146252CFAC /* [CP] Embed Pods Frameworks */ = {
			isa = PBXShellScriptBuildPhase;
			buildActionMask = 2147483647;
			files = (
			);
			inputFileListPaths = (
				"${PODS_ROOT}/Target Support Files/Pods-DeftPDF_Test/Pods-DeftPDF_Test-frameworks-${CONFIGURATION}-input-files.xcfilelist",
			);
			name = "[CP] Embed Pods Frameworks";
			outputFileListPaths = (
				"${PODS_ROOT}/Target Support Files/Pods-DeftPDF_Test/Pods-DeftPDF_Test-frameworks-${CONFIGURATION}-output-files.xcfilelist",
			);
			runOnlyForDeploymentPostprocessing = 0;
			shellPath = /bin/sh;
			shellScript = "\"${PODS_ROOT}/Target Support Files/Pods-DeftPDF_Test/Pods-DeftPDF_Test-frameworks.sh\"\n";
			showEnvVarsInLog = 0;
		};
		9116BDF52B5534A824614538 /* [CP] Check Pods Manifest.lock */ = {
			isa = PBXShellScriptBuildPhase;
			buildActionMask = 2147483647;
			files = (
			);
			inputFileListPaths = (
			);
			inputPaths = (
				"${PODS_PODFILE_DIR_PATH}/Podfile.lock",
				"${PODS_ROOT}/Manifest.lock",
			);
			name = "[CP] Check Pods Manifest.lock";
			outputFileListPaths = (
			);
			outputPaths = (
				"$(DERIVED_FILE_DIR)/Pods-DeftPDF_Test-checkManifestLockResult.txt",
			);
			runOnlyForDeploymentPostprocessing = 0;
			shellPath = /bin/sh;
			shellScript = "diff \"${PODS_PODFILE_DIR_PATH}/Podfile.lock\" \"${PODS_ROOT}/Manifest.lock\" > /dev/null\nif [ $? != 0 ] ; then\n    # print error to STDERR\n    echo \"error: The sandbox is not in sync with the Podfile.lock. Run 'pod install' or update your CocoaPods installation.\" >&2\n    exit 1\nfi\n# This output is used by Xcode 'outputs' to avoid re-running this script phase.\necho \"SUCCESS\" > \"${SCRIPT_OUTPUT_FILE_0}\"\n";
			showEnvVarsInLog = 0;
		};
/* End PBXShellScriptBuildPhase section */

/* Begin PBXSourcesBuildPhase section */
		CAF6551E28744B9900E53AB3 /* Sources */ = {
			isa = PBXSourcesBuildPhase;
			buildActionMask = 2147483647;
			files = (
				CAF6552A28744B9900E53AB3 /* HomeViewController.swift in Sources */,
				CA1E636A28799EF700B742F5 /* PDFFileModel.swift in Sources */,
				FAB53F1628787BFD00985A89 /* FileManager+copyItem().swift in Sources */,
				CAF6552628744B9900E53AB3 /* AppDelegate.swift in Sources */,
				CAE3F4AA287724290015D6E9 /* AccountViewController.swift in Sources */,
				CA1E636828798D9700B742F5 /* PDFViewController .swift in Sources */,
				CAF6553C2874AD0F00E53AB3 /* TabBarViewController .swift in Sources */,
				CAF6553A28748A9600E53AB3 /* CustomCollectionViewCell.swift in Sources */,
				CAE3F4AE287724530015D6E9 /* ToolsViewController.swift in Sources */,
				CA346B4A287C78ED007A6C6B /* popUpView.swift in Sources */,
			);
			runOnlyForDeploymentPostprocessing = 0;
		};
/* End PBXSourcesBuildPhase section */

/* Begin PBXVariantGroup section */
		CAF6553028744B9C00E53AB3 /* LaunchScreen.storyboard */ = {
			isa = PBXVariantGroup;
			children = (
				CAF6553128744B9C00E53AB3 /* Base */,
			);
			name = LaunchScreen.storyboard;
			sourceTree = "<group>";
		};
/* End PBXVariantGroup section */

/* Begin XCBuildConfiguration section */
		CAF6553428744B9C00E53AB3 /* Debug */ = {
			isa = XCBuildConfiguration;
			buildSettings = {
				ALWAYS_SEARCH_USER_PATHS = NO;
				CLANG_ANALYZER_NONNULL = YES;
				CLANG_ANALYZER_NUMBER_OBJECT_CONVERSION = YES_AGGRESSIVE;
				CLANG_CXX_LANGUAGE_STANDARD = "gnu++17";
				CLANG_ENABLE_MODULES = YES;
				CLANG_ENABLE_OBJC_ARC = YES;
				CLANG_ENABLE_OBJC_WEAK = YES;
				CLANG_WARN_BLOCK_CAPTURE_AUTORELEASING = YES;
				CLANG_WARN_BOOL_CONVERSION = YES;
				CLANG_WARN_COMMA = YES;
				CLANG_WARN_CONSTANT_CONVERSION = YES;
				CLANG_WARN_DEPRECATED_OBJC_IMPLEMENTATIONS = YES;
				CLANG_WARN_DIRECT_OBJC_ISA_USAGE = YES_ERROR;
				CLANG_WARN_DOCUMENTATION_COMMENTS = YES;
				CLANG_WARN_EMPTY_BODY = YES;
				CLANG_WARN_ENUM_CONVERSION = YES;
				CLANG_WARN_INFINITE_RECURSION = YES;
				CLANG_WARN_INT_CONVERSION = YES;
				CLANG_WARN_NON_LITERAL_NULL_CONVERSION = YES;
				CLANG_WARN_OBJC_IMPLICIT_RETAIN_SELF = YES;
				CLANG_WARN_OBJC_LITERAL_CONVERSION = YES;
				CLANG_WARN_OBJC_ROOT_CLASS = YES_ERROR;
				CLANG_WARN_QUOTED_INCLUDE_IN_FRAMEWORK_HEADER = YES;
				CLANG_WARN_RANGE_LOOP_ANALYSIS = YES;
				CLANG_WARN_STRICT_PROTOTYPES = YES;
				CLANG_WARN_SUSPICIOUS_MOVE = YES;
				CLANG_WARN_UNGUARDED_AVAILABILITY = YES_AGGRESSIVE;
				CLANG_WARN_UNREACHABLE_CODE = YES;
				CLANG_WARN__DUPLICATE_METHOD_MATCH = YES;
				COPY_PHASE_STRIP = NO;
				DEBUG_INFORMATION_FORMAT = dwarf;
				ENABLE_STRICT_OBJC_MSGSEND = YES;
				ENABLE_TESTABILITY = YES;
				GCC_C_LANGUAGE_STANDARD = gnu11;
				GCC_DYNAMIC_NO_PIC = NO;
				GCC_NO_COMMON_BLOCKS = YES;
				GCC_OPTIMIZATION_LEVEL = 0;
				GCC_PREPROCESSOR_DEFINITIONS = (
					"DEBUG=1",
					"$(inherited)",
				);
				GCC_WARN_64_TO_32_BIT_CONVERSION = YES;
				GCC_WARN_ABOUT_RETURN_TYPE = YES_ERROR;
				GCC_WARN_UNDECLARED_SELECTOR = YES;
				GCC_WARN_UNINITIALIZED_AUTOS = YES_AGGRESSIVE;
				GCC_WARN_UNUSED_FUNCTION = YES;
				GCC_WARN_UNUSED_VARIABLE = YES;
				IPHONEOS_DEPLOYMENT_TARGET = 15.5;
				MTL_ENABLE_DEBUG_INFO = INCLUDE_SOURCE;
				MTL_FAST_MATH = YES;
				ONLY_ACTIVE_ARCH = YES;
				SDKROOT = iphoneos;
				SWIFT_ACTIVE_COMPILATION_CONDITIONS = DEBUG;
				SWIFT_OPTIMIZATION_LEVEL = "-Onone";
			};
			name = Debug;
		};
		CAF6553528744B9C00E53AB3 /* Release */ = {
			isa = XCBuildConfiguration;
			buildSettings = {
				ALWAYS_SEARCH_USER_PATHS = NO;
				CLANG_ANALYZER_NONNULL = YES;
				CLANG_ANALYZER_NUMBER_OBJECT_CONVERSION = YES_AGGRESSIVE;
				CLANG_CXX_LANGUAGE_STANDARD = "gnu++17";
				CLANG_ENABLE_MODULES = YES;
				CLANG_ENABLE_OBJC_ARC = YES;
				CLANG_ENABLE_OBJC_WEAK = YES;
				CLANG_WARN_BLOCK_CAPTURE_AUTORELEASING = YES;
				CLANG_WARN_BOOL_CONVERSION = YES;
				CLANG_WARN_COMMA = YES;
				CLANG_WARN_CONSTANT_CONVERSION = YES;
				CLANG_WARN_DEPRECATED_OBJC_IMPLEMENTATIONS = YES;
				CLANG_WARN_DIRECT_OBJC_ISA_USAGE = YES_ERROR;
				CLANG_WARN_DOCUMENTATION_COMMENTS = YES;
				CLANG_WARN_EMPTY_BODY = YES;
				CLANG_WARN_ENUM_CONVERSION = YES;
				CLANG_WARN_INFINITE_RECURSION = YES;
				CLANG_WARN_INT_CONVERSION = YES;
				CLANG_WARN_NON_LITERAL_NULL_CONVERSION = YES;
				CLANG_WARN_OBJC_IMPLICIT_RETAIN_SELF = YES;
				CLANG_WARN_OBJC_LITERAL_CONVERSION = YES;
				CLANG_WARN_OBJC_ROOT_CLASS = YES_ERROR;
				CLANG_WARN_QUOTED_INCLUDE_IN_FRAMEWORK_HEADER = YES;
				CLANG_WARN_RANGE_LOOP_ANALYSIS = YES;
				CLANG_WARN_STRICT_PROTOTYPES = YES;
				CLANG_WARN_SUSPICIOUS_MOVE = YES;
				CLANG_WARN_UNGUARDED_AVAILABILITY = YES_AGGRESSIVE;
				CLANG_WARN_UNREACHABLE_CODE = YES;
				CLANG_WARN__DUPLICATE_METHOD_MATCH = YES;
				COPY_PHASE_STRIP = NO;
				DEBUG_INFORMATION_FORMAT = "dwarf-with-dsym";
				ENABLE_NS_ASSERTIONS = NO;
				ENABLE_STRICT_OBJC_MSGSEND = YES;
				GCC_C_LANGUAGE_STANDARD = gnu11;
				GCC_NO_COMMON_BLOCKS = YES;
				GCC_WARN_64_TO_32_BIT_CONVERSION = YES;
				GCC_WARN_ABOUT_RETURN_TYPE = YES_ERROR;
				GCC_WARN_UNDECLARED_SELECTOR = YES;
				GCC_WARN_UNINITIALIZED_AUTOS = YES_AGGRESSIVE;
				GCC_WARN_UNUSED_FUNCTION = YES;
				GCC_WARN_UNUSED_VARIABLE = YES;
				IPHONEOS_DEPLOYMENT_TARGET = 15.5;
				MTL_ENABLE_DEBUG_INFO = NO;
				MTL_FAST_MATH = YES;
				SDKROOT = iphoneos;
				SWIFT_COMPILATION_MODE = wholemodule;
				SWIFT_OPTIMIZATION_LEVEL = "-O";
				VALIDATE_PRODUCT = YES;
			};
			name = Release;
		};
		CAF6553728744B9C00E53AB3 /* Debug */ = {
			isa = XCBuildConfiguration;
			baseConfigurationReference = 042E5290EF083DFE8A845ED1 /* Pods-DeftPDF_Test.debug.xcconfig */;
			buildSettings = {
				ASSETCATALOG_COMPILER_APPICON_NAME = AppIcon;
				ASSETCATALOG_COMPILER_GLOBAL_ACCENT_COLOR_NAME = AccentColor;
				CODE_SIGN_STYLE = Automatic;
				CURRENT_PROJECT_VERSION = 1;
				DEVELOPMENT_TEAM = TZALL639VQ;
				GENERATE_INFOPLIST_FILE = YES;
				INFOPLIST_FILE = DeftPDF_Test/Resources/Info.plist;
				INFOPLIST_KEY_UIApplicationSupportsIndirectInputEvents = YES;
				INFOPLIST_KEY_UILaunchStoryboardName = LaunchScreen;
				INFOPLIST_KEY_UISupportedInterfaceOrientations_iPad = "UIInterfaceOrientationPortrait UIInterfaceOrientationPortraitUpsideDown UIInterfaceOrientationLandscapeLeft UIInterfaceOrientationLandscapeRight";
				INFOPLIST_KEY_UISupportedInterfaceOrientations_iPhone = "UIInterfaceOrientationPortrait UIInterfaceOrientationLandscapeLeft UIInterfaceOrientationLandscapeRight";
				LD_RUNPATH_SEARCH_PATHS = (
					"$(inherited)",
					"@executable_path/Frameworks",
				);
				MARKETING_VERSION = 1.0;
				PRODUCT_BUNDLE_IDENTIFIER = "muler.DeftPDF-Test";
				PRODUCT_NAME = "$(TARGET_NAME)";
				SWIFT_EMIT_LOC_STRINGS = YES;
				SWIFT_VERSION = 5.0;
				TARGETED_DEVICE_FAMILY = "1,2";
			};
			name = Debug;
		};
		CAF6553828744B9C00E53AB3 /* Release */ = {
			isa = XCBuildConfiguration;
			baseConfigurationReference = 5874FF739C188424DF616928 /* Pods-DeftPDF_Test.release.xcconfig */;
			buildSettings = {
				ASSETCATALOG_COMPILER_APPICON_NAME = AppIcon;
				ASSETCATALOG_COMPILER_GLOBAL_ACCENT_COLOR_NAME = AccentColor;
				CODE_SIGN_STYLE = Automatic;
				CURRENT_PROJECT_VERSION = 1;
				DEVELOPMENT_TEAM = TZALL639VQ;
				GENERATE_INFOPLIST_FILE = YES;
				INFOPLIST_FILE = DeftPDF_Test/Resources/Info.plist;
				INFOPLIST_KEY_UIApplicationSupportsIndirectInputEvents = YES;
				INFOPLIST_KEY_UILaunchStoryboardName = LaunchScreen;
				INFOPLIST_KEY_UISupportedInterfaceOrientations_iPad = "UIInterfaceOrientationPortrait UIInterfaceOrientationPortraitUpsideDown UIInterfaceOrientationLandscapeLeft UIInterfaceOrientationLandscapeRight";
				INFOPLIST_KEY_UISupportedInterfaceOrientations_iPhone = "UIInterfaceOrientationPortrait UIInterfaceOrientationLandscapeLeft UIInterfaceOrientationLandscapeRight";
				LD_RUNPATH_SEARCH_PATHS = (
					"$(inherited)",
					"@executable_path/Frameworks",
				);
				MARKETING_VERSION = 1.0;
				PRODUCT_BUNDLE_IDENTIFIER = "muler.DeftPDF-Test";
				PRODUCT_NAME = "$(TARGET_NAME)";
				SWIFT_EMIT_LOC_STRINGS = YES;
				SWIFT_VERSION = 5.0;
				TARGETED_DEVICE_FAMILY = "1,2";
			};
			name = Release;
		};
/* End XCBuildConfiguration section */

/* Begin XCConfigurationList section */
		CAF6551D28744B9900E53AB3 /* Build configuration list for PBXProject "DeftPDF_Test" */ = {
			isa = XCConfigurationList;
			buildConfigurations = (
				CAF6553428744B9C00E53AB3 /* Debug */,
				CAF6553528744B9C00E53AB3 /* Release */,
			);
			defaultConfigurationIsVisible = 0;
			defaultConfigurationName = Release;
		};
		CAF6553628744B9C00E53AB3 /* Build configuration list for PBXNativeTarget "DeftPDF_Test" */ = {
			isa = XCConfigurationList;
			buildConfigurations = (
				CAF6553728744B9C00E53AB3 /* Debug */,
				CAF6553828744B9C00E53AB3 /* Release */,
			);
			defaultConfigurationIsVisible = 0;
			defaultConfigurationName = Release;
		};
/* End XCConfigurationList section */
	};
	rootObject = CAF6551A28744B9900E53AB3 /* Project object */;
}
